
Microsoft Visual Studio Solution File, Format Version 12.00
# Visual Studio Version 17
VisualStudioVersion = 17.12.35707.178
MinimumVisualStudioVersion = 10.0.40219.1
Project("{2150E333-8FDC-42A3-9474-1A3956D46DE8}") = "Solution Items", "Solution Items", "{DF703AA7-F849-4FD6-A1D8-1C9C16E730D2}"
	ProjectSection(SolutionItems) = preProject
		Directory.Packages.props = Directory.Packages.props
	EndProjectSection
EndProject
Project("{FAE04EC0-301F-11D3-BF4B-00C04F79EFBC}") = "Northwind.EntityModels", "Northwind.EntityModels\Northwind.EntityModels.csproj", "{63941DEB-A7FE-44D1-8EA1-549CB20289AE}"
EndProject
Project("{FAE04EC0-301F-11D3-BF4B-00C04F79EFBC}") = "NorthWind.DataContext", "NorthWind.DataContext\NorthWind.DataContext.csproj", "{774EF0B0-77F5-49D2-9013-6A20388DEBD6}"
EndProject
Project("{FAE04EC0-301F-11D3-BF4B-00C04F79EFBC}") = "Northwind.UnitTests", "Northwind.UnitTests\Northwind.UnitTests.csproj", "{EDE2AED0-5695-47F5-B54E-26A06455A7B3}"
EndProject
Project("{FAE04EC0-301F-11D3-BF4B-00C04F79EFBC}") = "Northwind.Mvc", "Northwind.MVC\Northwind.Mvc.csproj", "{ED2F5F4C-7E45-4185-BEB7-07AEAB5891C1}"
EndProject
Global
	GlobalSection(SolutionConfigurationPlatforms) = preSolution
		Debug|Any CPU = Debug|Any CPU
		Release|Any CPU = Release|Any CPU
	EndGlobalSection
	GlobalSection(ProjectConfigurationPlatforms) = postSolution
		{63941DEB-A7FE-44D1-8EA1-549CB20289AE}.Debug|Any CPU.ActiveCfg = Debug|Any CPU
		{63941DEB-A7FE-44D1-8EA1-549CB20289AE}.Debug|Any CPU.Build.0 = Debug|Any CPU
		{63941DEB-A7FE-44D1-8EA1-549CB20289AE}.Release|Any CPU.ActiveCfg = Release|Any CPU
		{63941DEB-A7FE-44D1-8EA1-549CB20289AE}.Release|Any CPU.Build.0 = Release|Any CPU
		{774EF0B0-77F5-49D2-9013-6A20388DEBD6}.Debug|Any CPU.ActiveCfg = Debug|Any CPU
		{774EF0B0-77F5-49D2-9013-6A20388DEBD6}.Debug|Any CPU.Build.0 = Debug|Any CPU
		{774EF0B0-77F5-49D2-9013-6A20388DEBD6}.Release|Any CPU.ActiveCfg = Release|Any CPU
		{774EF0B0-77F5-49D2-9013-6A20388DEBD6}.Release|Any CPU.Build.0 = Release|Any CPU
		{EDE2AED0-5695-47F5-B54E-26A06455A7B3}.Debug|Any CPU.ActiveCfg = Debug|Any CPU
		{EDE2AED0-5695-47F5-B54E-26A06455A7B3}.Debug|Any CPU.Build.0 = Debug|Any CPU
		{EDE2AED0-5695-47F5-B54E-26A06455A7B3}.Release|Any CPU.ActiveCfg = Release|Any CPU
		{EDE2AED0-5695-47F5-B54E-26A06455A7B3}.Release|Any CPU.Build.0 = Release|Any CPU
		{ED2F5F4C-7E45-4185-BEB7-07AEAB5891C1}.Debug|Any CPU.ActiveCfg = Debug|Any CPU
		{ED2F5F4C-7E45-4185-BEB7-07AEAB5891C1}.Debug|Any CPU.Build.0 = Debug|Any CPU
		{ED2F5F4C-7E45-4185-BEB7-07AEAB5891C1}.Release|Any CPU.ActiveCfg = Release|Any CPU
		{ED2F5F4C-7E45-4185-BEB7-07AEAB5891C1}.Release|Any CPU.Build.0 = Release|Any CPU
	EndGlobalSection
	GlobalSection(SolutionProperties) = preSolution
		HideSolutionNode = FALSE
	EndGlobalSection
EndGlobal
